
Microsoft Visual Studio Solution File, Format Version 12.00
Project("{FAE04EC0-301F-11D3-BF4B-00C04F79EFBC}") = "CompoundInterestApp", "CompoundInterestApp\CompoundInterestApp\CompoundInterestApp.csproj", "{ADACEE75-4699-44A1-8B2B-5B7D5069BB10}"
EndProject
Project("{FAE04EC0-301F-11D3-BF4B-00C04F79EFBC}") = "CompoundInterestApp.Android", "CompoundInterestApp\CompoundInterestApp.Android\CompoundInterestApp.Android.csproj", "{83A6833D-F747-4834-88D5-D381BA4CE135}"
EndProject
Project("{FAE04EC0-301F-11D3-BF4B-00C04F79EFBC}") = "CompoundInterestApp.Desktop", "CompoundInterestApp\CompoundInterestApp.Desktop\CompoundInterestApp.Desktop.csproj", "{C5CF08C2-0C93-4C5F-BAA0-A21C109DF8B4}"
EndProject
Project("{FAE04EC0-301F-11D3-BF4B-00C04F79EFBC}") = "CompoundInterestApp.iOS", "CompoundInterestApp\CompoundInterestApp.iOS\CompoundInterestApp.iOS.csproj", "{3AA0DD21-D2E9-40C1-A50D-7FE01441063E}"
EndProject
Project("{FAE04EC0-301F-11D3-BF4B-00C04F79EFBC}") = "CompoundInterestApp.Browser", "CompoundInterestApp\CompoundInterestApp.Browser\CompoundInterestApp.Browser.csproj", "{691456B3-4396-4064-A488-A3567AF4EFCE}"
EndProject
Global
	GlobalSection(SolutionConfigurationPlatforms) = preSolution
		Debug|Any CPU = Debug|Any CPU
		Release|Any CPU = Release|Any CPU
	EndGlobalSection
	GlobalSection(ProjectConfigurationPlatforms) = postSolution
		{ADACEE75-4699-44A1-8B2B-5B7D5069BB10}.Debug|Any CPU.ActiveCfg = Debug|Any CPU
		{ADACEE75-4699-44A1-8B2B-5B7D5069BB10}.Debug|Any CPU.Build.0 = Debug|Any CPU
		{ADACEE75-4699-44A1-8B2B-5B7D5069BB10}.Release|Any CPU.ActiveCfg = Release|Any CPU
		{ADACEE75-4699-44A1-8B2B-5B7D5069BB10}.Release|Any CPU.Build.0 = Release|Any CPU
		{83A6833D-F747-4834-88D5-D381BA4CE135}.Debug|Any CPU.ActiveCfg = Debug|Any CPU
		{83A6833D-F747-4834-88D5-D381BA4CE135}.Debug|Any CPU.Build.0 = Debug|Any CPU
		{83A6833D-F747-4834-88D5-D381BA4CE135}.Debug|Any CPU.Deploy.0 = Debug|Any CPU
		{83A6833D-F747-4834-88D5-D381BA4CE135}.Release|Any CPU.ActiveCfg = Release|Any CPU
		{83A6833D-F747-4834-88D5-D381BA4CE135}.Release|Any CPU.Build.0 = Release|Any CPU
		{83A6833D-F747-4834-88D5-D381BA4CE135}.Release|Any CPU.Deploy.0 = Release|Any CPU
		{C5CF08C2-0C93-4C5F-BAA0-A21C109DF8B4}.Debug|Any CPU.ActiveCfg = Debug|Any CPU
		{C5CF08C2-0C93-4C5F-BAA0-A21C109DF8B4}.Debug|Any CPU.Build.0 = Debug|Any CPU
		{C5CF08C2-0C93-4C5F-BAA0-A21C109DF8B4}.Release|Any CPU.ActiveCfg = Release|Any CPU
		{C5CF08C2-0C93-4C5F-BAA0-A21C109DF8B4}.Release|Any CPU.Build.0 = Release|Any CPU
		{3AA0DD21-D2E9-40C1-A50D-7FE01441063E}.Debug|Any CPU.ActiveCfg = Debug|Any CPU
		{3AA0DD21-D2E9-40C1-A50D-7FE01441063E}.Debug|Any CPU.Build.0 = Debug|Any CPU
		{3AA0DD21-D2E9-40C1-A50D-7FE01441063E}.Debug|Any CPU.Deploy.0 = Debug|Any CPU
		{3AA0DD21-D2E9-40C1-A50D-7FE01441063E}.Release|Any CPU.ActiveCfg = Release|Any CPU
		{3AA0DD21-D2E9-40C1-A50D-7FE01441063E}.Release|Any CPU.Build.0 = Release|Any CPU
		{3AA0DD21-D2E9-40C1-A50D-7FE01441063E}.Release|Any CPU.Deploy.0 = Release|Any CPU
		{691456B3-4396-4064-A488-A3567AF4EFCE}.Debug|Any CPU.ActiveCfg = Debug|Any CPU
		{691456B3-4396-4064-A488-A3567AF4EFCE}.Debug|Any CPU.Build.0 = Debug|Any CPU
		{691456B3-4396-4064-A488-A3567AF4EFCE}.Release|Any CPU.ActiveCfg = Release|Any CPU
		{691456B3-4396-4064-A488-A3567AF4EFCE}.Release|Any CPU.Build.0 = Release|Any CPU
	EndGlobalSection
EndGlobal
